
Microsoft Visual Studio Solution File, Format Version 12.00
# Visual Studio 15
VisualStudioVersion = 15.0.27703.2042
MinimumVisualStudioVersion = 10.0.40219.1
Project("{9A19103F-16F7-4668-BE54-9A1E7A4F7556}") = "AndroidApi", "AndroidApi.csproj", "{B92D1487-7CD3-42C8-8B0E-56D05A3AF251}"
EndProject
Global
	GlobalSection(SolutionConfigurationPlatforms) = preSolution
		Debug|Any CPU = Debug|Any CPU
		Release|Any CPU = Release|Any CPU
	EndGlobalSection
	GlobalSection(ProjectConfigurationPlatforms) = postSolution
		{B92D1487-7CD3-42C8-8B0E-56D05A3AF251}.Debug|Any CPU.ActiveCfg = Debug|Any CPU
		{B92D1487-7CD3-42C8-8B0E-56D05A3AF251}.Debug|Any CPU.Build.0 = Debug|Any CPU
		{B92D1487-7CD3-42C8-8B0E-56D05A3AF251}.Release|Any CPU.ActiveCfg = Release|Any CPU
		{B92D1487-7CD3-42C8-8B0E-56D05A3AF251}.Release|Any CPU.Build.0 = Release|Any CPU
	EndGlobalSection
	GlobalSection(SolutionProperties) = preSolution
		HideSolutionNode = FALSE
	EndGlobalSection
	GlobalSection(ExtensibilityGlobals) = postSolution
		SolutionGuid = {EE0C9EDA-4C56-40AE-93FC-103E310323EE}
	EndGlobalSection
EndGlobal
